
Microsoft Visual Studio Solution File, Format Version 12.00
# Visual Studio Version 16
VisualStudioVersion = 16.0.31005.135
MinimumVisualStudioVersion = 10.0.40219.1
Project("{FAE04EC0-301F-11D3-BF4B-00C04F79EFBC}") = "ConversionSolver", "ConversionSolver.csproj", "{52B8F80F-1392-4FAF-AF21-4B05BB52A995}"
EndProject
Global
	GlobalSection(SolutionConfigurationPlatforms) = preSolution
		Debug|Any CPU = Debug|Any CPU
		Release|Any CPU = Release|Any CPU
	EndGlobalSection
	GlobalSection(ProjectConfigurationPlatforms) = postSolution
		{52B8F80F-1392-4FAF-AF21-4B05BB52A995}.Debug|Any CPU.ActiveCfg = Debug|Any CPU
		{52B8F80F-1392-4FAF-AF21-4B05BB52A995}.Debug|Any CPU.Build.0 = Debug|Any CPU
		{52B8F80F-1392-4FAF-AF21-4B05BB52A995}.Release|Any CPU.ActiveCfg = Release|Any CPU
		{52B8F80F-1392-4FAF-AF21-4B05BB52A995}.Release|Any CPU.Build.0 = Release|Any CPU
	EndGlobalSection
	GlobalSection(SolutionProperties) = preSolution
		HideSolutionNode = FALSE
	EndGlobalSection
	GlobalSection(ExtensibilityGlobals) = postSolution
		SolutionGuid = {3F25A0D7-352B-42D3-9CBC-95C6A067BB4B}
	EndGlobalSection
EndGlobal
